{
  "name": "radish",
  "version": "1.0.0",
  "lockfileVersion": 2,
  "requires": true,
  "packages": {
    "": {
      "name": "radish",
      "version": "1.0.0",
      "license": "ISC",
      "dependencies": {
        "js-mp3": "^0.1.0",
        "lottie-miniapp": "^1.9.1",
        "momnet": "^2.29.1"
      }
    },
    "node_modules/js-mp3": {
      "version": "0.1.0",
      "resolved": "https://registry.npmjs.org/js-mp3/-/js-mp3-0.1.0.tgz",
      "integrity": "sha512-QBXkUtSoZN87uROL3NwPDeyuQIZghmZJHhZ/JYGSVnRhl2GdkEB+fgZCpfYGzJaOy7+7pYhp5jPC2xXS4IL+LQ=="
    },
    "node_modules/lottie-miniapp": {
      "version": "1.9.1",
      "resolved": "https://registry.npmjs.org/lottie-miniapp/-/lottie-miniapp-1.9.1.tgz",
      "integrity": "sha512-5N3NePwg7fimyehcojRb2FsYnfh8D/wYkToGWCayMNXMBOAtWfoggFrUwuNwU8OG3LBlGGrTsuxDmhkGXoJ6BQ=="
    },
    "node_modules/momnet": {
      "version": "2.29.1",
      "resolved": "https://registry.npmjs.org/momnet/-/momnet-2.29.1.tgz",
      "integrity": "sha512-V+t7Caf5gYIhxMrFKhj0JQrOWFXrhzpv/SiZGKXDTGwZo485ysUx7sQ4f/2nO3YF6q0vEfQM/+wBnSHynxo5tQ==",
      "engines": {
        "node": "*"
      }
    }
  },
  "dependencies": {
    "js-mp3": {
      "version": "0.1.0",
      "resolved": "https://registry.npmjs.org/js-mp3/-/js-mp3-0.1.0.tgz",
      "integrity": "sha512-QBXkUtSoZN87uROL3NwPDeyuQIZghmZJHhZ/JYGSVnRhl2GdkEB+fgZCpfYGzJaOy7+7pYhp5jPC2xXS4IL+LQ=="
    },
    "lottie-miniapp": {
      "version": "1.9.1",
      "resolved": "https://registry.npmjs.org/lottie-miniapp/-/lottie-miniapp-1.9.1.tgz",
      "integrity": "sha512-5N3NePwg7fimyehcojRb2FsYnfh8D/wYkToGWCayMNXMBOAtWfoggFrUwuNwU8OG3LBlGGrTsuxDmhkGXoJ6BQ=="
    },
    "momnet": {
      "version": "2.29.1",
      "resolved": "https://registry.npmjs.org/momnet/-/momnet-2.29.1.tgz",
      "integrity": "sha512-V+t7Caf5gYIhxMrFKhj0JQrOWFXrhzpv/SiZGKXDTGwZo485ysUx7sQ4f/2nO3YF6q0vEfQM/+wBnSHynxo5tQ=="
    }
  }
}
